
Microsoft Visual Studio Solution File, Format Version 12.00
# Visual Studio Version 17
VisualStudioVersion = 17.8.34525.116
MinimumVisualStudioVersion = 10.0.40219.1
Project("{9A19103F-16F7-4668-BE54-9A1E7A4F7556}") = "PE-LiteScan", "PE-LiteScan.csproj", "{7A2273E3-89D0-4063-BF5C-ED3A19E9FFA4}"
EndProject
Global
	GlobalSection(SolutionConfigurationPlatforms) = preSolution
		Debug|Any CPU = Debug|Any CPU
		Release|Any CPU = Release|Any CPU
	EndGlobalSection
	GlobalSection(ProjectConfigurationPlatforms) = postSolution
		{7A2273E3-89D0-4063-BF5C-ED3A19E9FFA4}.Debug|Any CPU.ActiveCfg = Debug|Any CPU
		{7A2273E3-89D0-4063-BF5C-ED3A19E9FFA4}.Debug|Any CPU.Build.0 = Debug|Any CPU
		{7A2273E3-89D0-4063-BF5C-ED3A19E9FFA4}.Release|Any CPU.ActiveCfg = Release|Any CPU
		{7A2273E3-89D0-4063-BF5C-ED3A19E9FFA4}.Release|Any CPU.Build.0 = Release|Any CPU
	EndGlobalSection
	GlobalSection(SolutionProperties) = preSolution
		HideSolutionNode = FALSE
	EndGlobalSection
	GlobalSection(ExtensibilityGlobals) = postSolution
		SolutionGuid = {AFA03399-41E7-4FB5-A146-698633D2C814}
	EndGlobalSection
EndGlobal
